
Microsoft Visual Studio Solution File, Format Version 12.00
# Visual Studio Version 16
VisualStudioVersion = 16.0.31702.278
MinimumVisualStudioVersion = 10.0.40219.1
Project("{9A19103F-16F7-4668-BE54-9A1E7A4F7556}") = "DataAccess", "DataAccess\DataAccess.csproj", "{B03082A1-5C1F-4C6B-AB02-36CBE663F416}"
EndProject
Project("{9A19103F-16F7-4668-BE54-9A1E7A4F7556}") = "Business", "Business\Business.csproj", "{30BE3604-6693-48FE-B677-1E194CBEA6E5}"
EndProject
Project("{9A19103F-16F7-4668-BE54-9A1E7A4F7556}") = "Entities", "Entities\Entities.csproj", "{67D546FA-C028-4B99-BEAB-94E52A5489E2}"
EndProject
Project("{9A19103F-16F7-4668-BE54-9A1E7A4F7556}") = "ConsoleUI", "ConsoleUI\ConsoleUI.csproj", "{F574BF39-E729-449F-9309-DC14E15246BB}"
EndProject
Project("{9A19103F-16F7-4668-BE54-9A1E7A4F7556}") = "Core", "Core\Core.csproj", "{7A30975C-C16D-431C-B48A-29F1B375A99E}"
EndProject
Project("{FAE04EC0-301F-11D3-BF4B-00C04F79EFBC}") = "WebAPI", "WebAPI\WebAPI.csproj", "{D23A5773-C582-45B0-9B17-C4CB58993701}"
EndProject
Global
	GlobalSection(SolutionConfigurationPlatforms) = preSolution
		Debug|Any CPU = Debug|Any CPU
		Release|Any CPU = Release|Any CPU
	EndGlobalSection
	GlobalSection(ProjectConfigurationPlatforms) = postSolution
		{B03082A1-5C1F-4C6B-AB02-36CBE663F416}.Debug|Any CPU.ActiveCfg = Debug|Any CPU
		{B03082A1-5C1F-4C6B-AB02-36CBE663F416}.Debug|Any CPU.Build.0 = Debug|Any CPU
		{B03082A1-5C1F-4C6B-AB02-36CBE663F416}.Release|Any CPU.ActiveCfg = Release|Any CPU
		{B03082A1-5C1F-4C6B-AB02-36CBE663F416}.Release|Any CPU.Build.0 = Release|Any CPU
		{30BE3604-6693-48FE-B677-1E194CBEA6E5}.Debug|Any CPU.ActiveCfg = Debug|Any CPU
		{30BE3604-6693-48FE-B677-1E194CBEA6E5}.Debug|Any CPU.Build.0 = Debug|Any CPU
		{30BE3604-6693-48FE-B677-1E194CBEA6E5}.Release|Any CPU.ActiveCfg = Release|Any CPU
		{30BE3604-6693-48FE-B677-1E194CBEA6E5}.Release|Any CPU.Build.0 = Release|Any CPU
		{67D546FA-C028-4B99-BEAB-94E52A5489E2}.Debug|Any CPU.ActiveCfg = Debug|Any CPU
		{67D546FA-C028-4B99-BEAB-94E52A5489E2}.Debug|Any CPU.Build.0 = Debug|Any CPU
		{67D546FA-C028-4B99-BEAB-94E52A5489E2}.Release|Any CPU.ActiveCfg = Release|Any CPU
		{67D546FA-C028-4B99-BEAB-94E52A5489E2}.Release|Any CPU.Build.0 = Release|Any CPU
		{F574BF39-E729-449F-9309-DC14E15246BB}.Debug|Any CPU.ActiveCfg = Debug|Any CPU
		{F574BF39-E729-449F-9309-DC14E15246BB}.Debug|Any CPU.Build.0 = Debug|Any CPU
		{F574BF39-E729-449F-9309-DC14E15246BB}.Release|Any CPU.ActiveCfg = Release|Any CPU
		{F574BF39-E729-449F-9309-DC14E15246BB}.Release|Any CPU.Build.0 = Release|Any CPU
		{7A30975C-C16D-431C-B48A-29F1B375A99E}.Debug|Any CPU.ActiveCfg = Debug|Any CPU
		{7A30975C-C16D-431C-B48A-29F1B375A99E}.Debug|Any CPU.Build.0 = Debug|Any CPU
		{7A30975C-C16D-431C-B48A-29F1B375A99E}.Release|Any CPU.ActiveCfg = Release|Any CPU
		{7A30975C-C16D-431C-B48A-29F1B375A99E}.Release|Any CPU.Build.0 = Release|Any CPU
		{D23A5773-C582-45B0-9B17-C4CB58993701}.Debug|Any CPU.ActiveCfg = Debug|Any CPU
		{D23A5773-C582-45B0-9B17-C4CB58993701}.Debug|Any CPU.Build.0 = Debug|Any CPU
		{D23A5773-C582-45B0-9B17-C4CB58993701}.Release|Any CPU.ActiveCfg = Release|Any CPU
		{D23A5773-C582-45B0-9B17-C4CB58993701}.Release|Any CPU.Build.0 = Release|Any CPU
	EndGlobalSection
	GlobalSection(SolutionProperties) = preSolution
		HideSolutionNode = FALSE
	EndGlobalSection
	GlobalSection(ExtensibilityGlobals) = postSolution
		SolutionGuid = {147E658E-24CF-4255-84E4-BCE377442F31}
	EndGlobalSection
EndGlobal
