
Microsoft Visual Studio Solution File, Format Version 12.00
# Visual Studio Version 16
VisualStudioVersion = 16.0.31702.278
MinimumVisualStudioVersion = 10.0.40219.1
Project("{FAE04EC0-301F-11D3-BF4B-00C04F79EFBC}") = "DataAccess", "DataAccess\DataAccess.csproj", "{B03082A1-5C1F-4C6B-AB02-36CBE663F416}"
EndProject
Project("{FAE04EC0-301F-11D3-BF4B-00C04F79EFBC}") = "Business", "Business\Business.csproj", "{30BE3604-6693-48FE-B677-1E194CBEA6E5}"
EndProject
Project("{FAE04EC0-301F-11D3-BF4B-00C04F79EFBC}") = "Entities", "Entities\Entities.csproj", "{67D546FA-C028-4B99-BEAB-94E52A5489E2}"
EndProject
Project("{FAE04EC0-301F-11D3-BF4B-00C04F79EFBC}") = "ConsoleUI", "ConsoleUI\ConsoleUI.csproj", "{F574BF39-E729-449F-9309-DC14E15246BB}"
EndProject
Global
	GlobalSection(SolutionConfigurationPlatforms) = preSolution
		Debug|Any CPU = Debug|Any CPU
		Release|Any CPU = Release|Any CPU
	EndGlobalSection
	GlobalSection(ProjectConfigurationPlatforms) = postSolution
		{B03082A1-5C1F-4C6B-AB02-36CBE663F416}.Debug|Any CPU.ActiveCfg = Debug|Any CPU
		{B03082A1-5C1F-4C6B-AB02-36CBE663F416}.Debug|Any CPU.Build.0 = Debug|Any CPU
		{B03082A1-5C1F-4C6B-AB02-36CBE663F416}.Release|Any CPU.ActiveCfg = Release|Any CPU
		{B03082A1-5C1F-4C6B-AB02-36CBE663F416}.Release|Any CPU.Build.0 = Release|Any CPU
		{30BE3604-6693-48FE-B677-1E194CBEA6E5}.Debug|Any CPU.ActiveCfg = Debug|Any CPU
		{30BE3604-6693-48FE-B677-1E194CBEA6E5}.Debug|Any CPU.Build.0 = Debug|Any CPU
		{30BE3604-6693-48FE-B677-1E194CBEA6E5}.Release|Any CPU.ActiveCfg = Release|Any CPU
		{30BE3604-6693-48FE-B677-1E194CBEA6E5}.Release|Any CPU.Build.0 = Release|Any CPU
		{67D546FA-C028-4B99-BEAB-94E52A5489E2}.Debug|Any CPU.ActiveCfg = Debug|Any CPU
		{67D546FA-C028-4B99-BEAB-94E52A5489E2}.Debug|Any CPU.Build.0 = Debug|Any CPU
		{67D546FA-C028-4B99-BEAB-94E52A5489E2}.Release|Any CPU.ActiveCfg = Release|Any CPU
		{67D546FA-C028-4B99-BEAB-94E52A5489E2}.Release|Any CPU.Build.0 = Release|Any CPU
		{F574BF39-E729-449F-9309-DC14E15246BB}.Debug|Any CPU.ActiveCfg = Debug|Any CPU
		{F574BF39-E729-449F-9309-DC14E15246BB}.Debug|Any CPU.Build.0 = Debug|Any CPU
		{F574BF39-E729-449F-9309-DC14E15246BB}.Release|Any CPU.ActiveCfg = Release|Any CPU
		{F574BF39-E729-449F-9309-DC14E15246BB}.Release|Any CPU.Build.0 = Release|Any CPU
	EndGlobalSection
	GlobalSection(SolutionProperties) = preSolution
		HideSolutionNode = FALSE
	EndGlobalSection
	GlobalSection(ExtensibilityGlobals) = postSolution
		SolutionGuid = {147E658E-24CF-4255-84E4-BCE377442F31}
	EndGlobalSection
EndGlobal
